// !$*UTF8*$!
{
	archiveVersion = 1;
	classes = {
	};
	objectVersion = 46;
	objects = {

/* Begin PBXBuildFile section */
		0E01AE781BF7F1F1006AB17C /* LanguagePreferenceSelector.swift in Sources */ = {isa = PBXBuildFile; fileRef = 0E01AE771BF7F1F1006AB17C /* LanguagePreferenceSelector.swift */; };
		0E01AE7A1BF7F208006AB17C /* DistancePreferenceSelector.swift in Sources */ = {isa = PBXBuildFile; fileRef = 0E01AE791BF7F208006AB17C /* DistancePreferenceSelector.swift */; };
		0E094D6B1BD3F989009994F0 /* SearchTableViewController.swift in Sources */ = {isa = PBXBuildFile; fileRef = 0E094D6A1BD3F989009994F0 /* SearchTableViewController.swift */; };
		0E17A5C11BF66CCC009E7316 /* FBSDKCoreKit.framework in Frameworks */ = {isa = PBXBuildFile; fileRef = 0E17A5BE1BF66CCC009E7316 /* FBSDKCoreKit.framework */; };
		0E17A5C21BF66CCC009E7316 /* FBSDKLoginKit.framework in Frameworks */ = {isa = PBXBuildFile; fileRef = 0E17A5BF1BF66CCC009E7316 /* FBSDKLoginKit.framework */; };
		0E17A5C31BF66CCC009E7316 /* FBSDKShareKit.framework in Frameworks */ = {isa = PBXBuildFile; fileRef = 0E17A5C01BF66CCC009E7316 /* FBSDKShareKit.framework */; };
		0E17A5C51BF66F1A009E7316 /* LoginViewController.swift in Sources */ = {isa = PBXBuildFile; fileRef = 0E17A5C41BF66F1A009E7316 /* LoginViewController.swift */; };
		0E1E45811BF6977B00CF37C9 /* User.swift in Sources */ = {isa = PBXBuildFile; fileRef = 0E1E45801BF6977B00CF37C9 /* User.swift */; };
		0E20BE5A1BD2BBD700E87873 /* PersonViewController.swift in Sources */ = {isa = PBXBuildFile; fileRef = 0E20BE591BD2BBD700E87873 /* PersonViewController.swift */; };
		0E20BE5D1BD2BEFD00E87873 /* HeadShotTableViewCell.swift in Sources */ = {isa = PBXBuildFile; fileRef = 0E20BE5C1BD2BEFD00E87873 /* HeadShotTableViewCell.swift */; };
		0E20BE5F1BD2BF2500E87873 /* ClearMovieTableViewCell.swift in Sources */ = {isa = PBXBuildFile; fileRef = 0E20BE5E1BD2BF2500E87873 /* ClearMovieTableViewCell.swift */; };
		0E20BE611BD30F5A00E87873 /* MovieDataFetcher.swift in Sources */ = {isa = PBXBuildFile; fileRef = 0E20BE601BD30F5A00E87873 /* MovieDataFetcher.swift */; };
		0E2BF5751BF7BE47003FD75F /* Ticket.swift in Sources */ = {isa = PBXBuildFile; fileRef = 0E2BF5741BF7BE47003FD75F /* Ticket.swift */; };
		0E2BF5771BF7BE5E003FD75F /* Theatre.swift in Sources */ = {isa = PBXBuildFile; fileRef = 0E2BF5761BF7BE5E003FD75F /* Theatre.swift */; };
		0E2BF5791BF7C075003FD75F /* TicketTableViewController.swift in Sources */ = {isa = PBXBuildFile; fileRef = 0E2BF5781BF7C075003FD75F /* TicketTableViewController.swift */; };
		0E2BF57B1BF7C0BB003FD75F /* TicketEntity.swift in Sources */ = {isa = PBXBuildFile; fileRef = 0E2BF57A1BF7C0BB003FD75F /* TicketEntity.swift */; };
		0E2BF57D1BF7C0DF003FD75F /* GroupTicket.swift in Sources */ = {isa = PBXBuildFile; fileRef = 0E2BF57C1BF7C0DF003FD75F /* GroupTicket.swift */; };
		0E2BF5801BF7C6D3003FD75F /* TicketTableViewCell.swift in Sources */ = {isa = PBXBuildFile; fileRef = 0E2BF57F1BF7C6D3003FD75F /* TicketTableViewCell.swift */; };
		0E30F2D71BD6E4E1001EA2D0 /* WatchListTableViewController.swift in Sources */ = {isa = PBXBuildFile; fileRef = 0E30F2D61BD6E4E1001EA2D0 /* WatchListTableViewController.swift */; };
		0E3DBC911BF53D080045FE05 /* DoneHUD.swift in Sources */ = {isa = PBXBuildFile; fileRef = 0E3DBC8F1BF53D080045FE05 /* DoneHUD.swift */; };
		0E3DBC921BF53D080045FE05 /* DoneView.swift in Sources */ = {isa = PBXBuildFile; fileRef = 0E3DBC901BF53D080045FE05 /* DoneView.swift */; };
		0E3DBC961BF540DF0045FE05 /* MoviesTabBarController.swift in Sources */ = {isa = PBXBuildFile; fileRef = 0E3DBC951BF540DF0045FE05 /* MoviesTabBarController.swift */; };
		0E40E9D41BD1700E0038F893 /* ActorTableViewCell.swift in Sources */ = {isa = PBXBuildFile; fileRef = 0E40E9D31BD1700E0038F893 /* ActorTableViewCell.swift */; };
		0E40E9DA1BD17BE10038F893 /* Actor.swift in Sources */ = {isa = PBXBuildFile; fileRef = 0E40E9D91BD17BE10038F893 /* Actor.swift */; };
		0E4146851BFA52DC00112ED9 /* TicketDetailInterfaceController.swift in Sources */ = {isa = PBXBuildFile; fileRef = 0E4146831BFA522F00112ED9 /* TicketDetailInterfaceController.swift */; };
		0E41468A1BFA59FA00112ED9 /* Watch.app in Embed Watch Content */ = {isa = PBXBuildFile; fileRef = 0EECBFA61BFA365200B7CA9A /* Watch.app */; };
		0E42DF811BF954C50082F543 /* TrailerViewCell.swift in Sources */ = {isa = PBXBuildFile; fileRef = 0E42DF801BF954C50082F543 /* TrailerViewCell.swift */; };
		0E4741241BFA3F50007FBC01 /* TicketRowController.swift in Sources */ = {isa = PBXBuildFile; fileRef = 0E4741231BFA3F50007FBC01 /* TicketRowController.swift */; };
		0E9682281BE15896004232B2 /* WatchListMovieCell.swift in Sources */ = {isa = PBXBuildFile; fileRef = 0E9682271BE15896004232B2 /* WatchListMovieCell.swift */; };
		0E9F95FC1BCFE49C0035CF98 /* DetailViewTitleTableCell.swift in Sources */ = {isa = PBXBuildFile; fileRef = 0E9F95FB1BCFE49C0035CF98 /* DetailViewTitleTableCell.swift */; };
		0E9F95FE1BCFEF530035CF98 /* DescriptionTableViewCell.swift in Sources */ = {isa = PBXBuildFile; fileRef = 0E9F95FD1BCFEF530035CF98 /* DescriptionTableViewCell.swift */; };
		0EB4F8D91BF75626009BD030 /* MoreTableViewController.swift in Sources */ = {isa = PBXBuildFile; fileRef = 0EB4F8D81BF75626009BD030 /* MoreTableViewController.swift */; };
		0EB4F8DB1BF7574B009BD030 /* UserTableViewCell.swift in Sources */ = {isa = PBXBuildFile; fileRef = 0EB4F8DA1BF7574B009BD030 /* UserTableViewCell.swift */; };
		0EB50EA21BCFAA7A00616DFD /* AppDelegate.swift in Sources */ = {isa = PBXBuildFile; fileRef = 0EB50EA11BCFAA7A00616DFD /* AppDelegate.swift */; };
		0EB50EA41BCFAA7A00616DFD /* MovieListViewController.swift in Sources */ = {isa = PBXBuildFile; fileRef = 0EB50EA31BCFAA7A00616DFD /* MovieListViewController.swift */; };
		0EB50EA71BCFAA7A00616DFD /* Main.storyboard in Resources */ = {isa = PBXBuildFile; fileRef = 0EB50EA51BCFAA7A00616DFD /* Main.storyboard */; };
		0EB50EA91BCFAA7A00616DFD /* Assets.xcassets in Resources */ = {isa = PBXBuildFile; fileRef = 0EB50EA81BCFAA7A00616DFD /* Assets.xcassets */; };
		0EB50EAC1BCFAA7A00616DFD /* LaunchScreen.storyboard in Resources */ = {isa = PBXBuildFile; fileRef = 0EB50EAA1BCFAA7A00616DFD /* LaunchScreen.storyboard */; };
		0EB50EB71BCFAA7A00616DFD /* MoviesUITests.swift in Sources */ = {isa = PBXBuildFile; fileRef = 0EB50EB61BCFAA7A00616DFD /* MoviesUITests.swift */; };
		0EB50EC21BCFAA9C00616DFD /* Movie.swift in Sources */ = {isa = PBXBuildFile; fileRef = 0EB50EC11BCFAA9C00616DFD /* Movie.swift */; };
		0EB50EC41BCFADD200616DFD /* MovieTableViewCell.swift in Sources */ = {isa = PBXBuildFile; fileRef = 0EB50EC31BCFADD200616DFD /* MovieTableViewCell.swift */; };
		0EB50EC61BCFCEAA00616DFD /* MovieDetailViewController.swift in Sources */ = {isa = PBXBuildFile; fileRef = 0EB50EC51BCFCEAA00616DFD /* MovieDetailViewController.swift */; };
		0EECBFAA1BFA365200B7CA9A /* Interface.storyboard in Resources */ = {isa = PBXBuildFile; fileRef = 0EECBFA81BFA365200B7CA9A /* Interface.storyboard */; };
		0EECBFAC1BFA365200B7CA9A /* Assets.xcassets in Resources */ = {isa = PBXBuildFile; fileRef = 0EECBFAB1BFA365200B7CA9A /* Assets.xcassets */; };
		0EECBFB31BFA365200B7CA9A /* Watch Extension.appex in Embed App Extensions */ = {isa = PBXBuildFile; fileRef = 0EECBFB21BFA365200B7CA9A /* Watch Extension.appex */; settings = {ATTRIBUTES = (RemoveHeadersOnCopy, ); }; };
		0EECBFBA1BFA365200B7CA9A /* TicketsInterfaceController.swift in Sources */ = {isa = PBXBuildFile; fileRef = 0EECBFB91BFA365200B7CA9A /* TicketsInterfaceController.swift */; };
		0EECBFBC1BFA365200B7CA9A /* ExtensionDelegate.swift in Sources */ = {isa = PBXBuildFile; fileRef = 0EECBFBB1BFA365200B7CA9A /* ExtensionDelegate.swift */; };
		0EECBFBE1BFA365200B7CA9A /* NotificationController.swift in Sources */ = {isa = PBXBuildFile; fileRef = 0EECBFBD1BFA365200B7CA9A /* NotificationController.swift */; };
		0EECBFC01BFA365200B7CA9A /* Assets.xcassets in Resources */ = {isa = PBXBuildFile; fileRef = 0EECBFBF1BFA365200B7CA9A /* Assets.xcassets */; };
		0EECBFCE1BFA36F700B7CA9A /* Ticket.swift in Sources */ = {isa = PBXBuildFile; fileRef = 0E2BF5741BF7BE47003FD75F /* Ticket.swift */; };
		0EECBFCF1BFA36F700B7CA9A /* TicketEntity.swift in Sources */ = {isa = PBXBuildFile; fileRef = 0E2BF57A1BF7C0BB003FD75F /* TicketEntity.swift */; };
		0EECBFD01BFA36F700B7CA9A /* GroupTicket.swift in Sources */ = {isa = PBXBuildFile; fileRef = 0E2BF57C1BF7C0DF003FD75F /* GroupTicket.swift */; };
		0EECBFD11BFA36F700B7CA9A /* Theatre.swift in Sources */ = {isa = PBXBuildFile; fileRef = 0E2BF5761BF7BE5E003FD75F /* Theatre.swift */; };
		0EECBFD21BFA36F700B7CA9A /* Movie.swift in Sources */ = {isa = PBXBuildFile; fileRef = 0EB50EC11BCFAA9C00616DFD /* Movie.swift */; };
		0EECBFD31BFA36F700B7CA9A /* Actor.swift in Sources */ = {isa = PBXBuildFile; fileRef = 0E40E9D91BD17BE10038F893 /* Actor.swift */; };
		0EECBFD41BFA36F700B7CA9A /* MovieDataFetcher.swift in Sources */ = {isa = PBXBuildFile; fileRef = 0E20BE601BD30F5A00E87873 /* MovieDataFetcher.swift */; };
		737682E87B46A2859A9ABDFD /* Pods_Movies.framework in Frameworks */ = {isa = PBXBuildFile; fileRef = 420E2585622BAA43782CC26A /* Pods_Movies.framework */; };
		F75CD1BE906EBE143A1C1147 /* Pods_Watch_Extension.framework in Frameworks */ = {isa = PBXBuildFile; fileRef = 4B739AD0ABED6CC7BD5DD461 /* Pods_Watch_Extension.framework */; };
/* End PBXBuildFile section */

/* Begin PBXContainerItemProxy section */
		0E41468B1BFA59FF00112ED9 /* PBXContainerItemProxy */ = {
			isa = PBXContainerItemProxy;
			containerPortal = 0EB50E961BCFAA7A00616DFD /* Project object */;
			proxyType = 1;
			remoteGlobalIDString = 0EECBFA51BFA365200B7CA9A;
			remoteInfo = Watch;
		};
		0EB50EB31BCFAA7A00616DFD /* PBXContainerItemProxy */ = {
			isa = PBXContainerItemProxy;
			containerPortal = 0EB50E961BCFAA7A00616DFD /* Project object */;
			proxyType = 1;
			remoteGlobalIDString = 0EB50E9D1BCFAA7A00616DFD;
			remoteInfo = Movies;
		};
		0EECBFB41BFA365200B7CA9A /* PBXContainerItemProxy */ = {
			isa = PBXContainerItemProxy;
			containerPortal = 0EB50E961BCFAA7A00616DFD /* Project object */;
			proxyType = 1;
			remoteGlobalIDString = 0EECBFB11BFA365200B7CA9A;
			remoteInfo = "Watch Extension";
		};
/* End PBXContainerItemProxy section */

/* Begin PBXCopyFilesBuildPhase section */
		0EECBFCA1BFA365200B7CA9A /* Embed App Extensions */ = {
			isa = PBXCopyFilesBuildPhase;
			buildActionMask = 2147483647;
			dstPath = "";
			dstSubfolderSpec = 13;
			files = (
				0EECBFB31BFA365200B7CA9A /* Watch Extension.appex in Embed App Extensions */,
			);
			name = "Embed App Extensions";
			runOnlyForDeploymentPostprocessing = 0;
		};
		0EECBFCC1BFA365200B7CA9A /* Embed Watch Content */ = {
			isa = PBXCopyFilesBuildPhase;
			buildActionMask = 2147483647;
			dstPath = "$(CONTENTS_FOLDER_PATH)/Watch";
			dstSubfolderSpec = 16;
			files = (
				0E41468A1BFA59FA00112ED9 /* Watch.app in Embed Watch Content */,
			);
			name = "Embed Watch Content";
			runOnlyForDeploymentPostprocessing = 0;
		};
/* End PBXCopyFilesBuildPhase section */

/* Begin PBXFileReference section */
		0E01AE771BF7F1F1006AB17C /* LanguagePreferenceSelector.swift */ = {isa = PBXFileReference; fileEncoding = 4; lastKnownFileType = sourcecode.swift; path = LanguagePreferenceSelector.swift; sourceTree = "<group>"; };
		0E01AE791BF7F208006AB17C /* DistancePreferenceSelector.swift */ = {isa = PBXFileReference; fileEncoding = 4; lastKnownFileType = sourcecode.swift; path = DistancePreferenceSelector.swift; sourceTree = "<group>"; };
		0E094D6A1BD3F989009994F0 /* SearchTableViewController.swift */ = {isa = PBXFileReference; fileEncoding = 4; lastKnownFileType = sourcecode.swift; path = SearchTableViewController.swift; sourceTree = "<group>"; };
		0E17A5BE1BF66CCC009E7316 /* FBSDKCoreKit.framework */ = {isa = PBXFileReference; lastKnownFileType = wrapper.framework; name = FBSDKCoreKit.framework; path = "FacebookSDKs-iOS-20151111/FBSDKCoreKit.framework"; sourceTree = "<group>"; };
		0E17A5BF1BF66CCC009E7316 /* FBSDKLoginKit.framework */ = {isa = PBXFileReference; lastKnownFileType = wrapper.framework; name = FBSDKLoginKit.framework; path = "FacebookSDKs-iOS-20151111/FBSDKLoginKit.framework"; sourceTree = "<group>"; };
		0E17A5C01BF66CCC009E7316 /* FBSDKShareKit.framework */ = {isa = PBXFileReference; lastKnownFileType = wrapper.framework; name = FBSDKShareKit.framework; path = "FacebookSDKs-iOS-20151111/FBSDKShareKit.framework"; sourceTree = "<group>"; };
		0E17A5C41BF66F1A009E7316 /* LoginViewController.swift */ = {isa = PBXFileReference; fileEncoding = 4; lastKnownFileType = sourcecode.swift; path = LoginViewController.swift; sourceTree = "<group>"; };
		0E1E45801BF6977B00CF37C9 /* User.swift */ = {isa = PBXFileReference; fileEncoding = 4; lastKnownFileType = sourcecode.swift; path = User.swift; sourceTree = "<group>"; };
		0E20BE591BD2BBD700E87873 /* PersonViewController.swift */ = {isa = PBXFileReference; fileEncoding = 4; lastKnownFileType = sourcecode.swift; path = PersonViewController.swift; sourceTree = "<group>"; };
		0E20BE5C1BD2BEFD00E87873 /* HeadShotTableViewCell.swift */ = {isa = PBXFileReference; fileEncoding = 4; lastKnownFileType = sourcecode.swift; path = HeadShotTableViewCell.swift; sourceTree = "<group>"; };
		0E20BE5E1BD2BF2500E87873 /* ClearMovieTableViewCell.swift */ = {isa = PBXFileReference; fileEncoding = 4; lastKnownFileType = sourcecode.swift; path = ClearMovieTableViewCell.swift; sourceTree = "<group>"; };
		0E20BE601BD30F5A00E87873 /* MovieDataFetcher.swift */ = {isa = PBXFileReference; fileEncoding = 4; lastKnownFileType = sourcecode.swift; path = MovieDataFetcher.swift; sourceTree = "<group>"; };
		0E20BE631BD32E6B00E87873 /* Movies-Bridging-Header.h */ = {isa = PBXFileReference; lastKnownFileType = sourcecode.c.h; path = "Movies-Bridging-Header.h"; sourceTree = "<group>"; };
		0E20BE641BD331DA00E87873 /* PZPullToRefresh.framework */ = {isa = PBXFileReference; lastKnownFileType = wrapper.framework; name = PZPullToRefresh.framework; path = "Pods/../build/Debug-iphoneos/PZPullToRefresh.framework"; sourceTree = "<group>"; };
		0E2BF5741BF7BE47003FD75F /* Ticket.swift */ = {isa = PBXFileReference; fileEncoding = 4; lastKnownFileType = sourcecode.swift; path = Ticket.swift; sourceTree = "<group>"; };
		0E2BF5761BF7BE5E003FD75F /* Theatre.swift */ = {isa = PBXFileReference; fileEncoding = 4; lastKnownFileType = sourcecode.swift; path = Theatre.swift; sourceTree = "<group>"; };
		0E2BF5781BF7C075003FD75F /* TicketTableViewController.swift */ = {isa = PBXFileReference; fileEncoding = 4; lastKnownFileType = sourcecode.swift; path = TicketTableViewController.swift; sourceTree = "<group>"; };
		0E2BF57A1BF7C0BB003FD75F /* TicketEntity.swift */ = {isa = PBXFileReference; fileEncoding = 4; lastKnownFileType = sourcecode.swift; path = TicketEntity.swift; sourceTree = "<group>"; };
		0E2BF57C1BF7C0DF003FD75F /* GroupTicket.swift */ = {isa = PBXFileReference; fileEncoding = 4; lastKnownFileType = sourcecode.swift; path = GroupTicket.swift; sourceTree = "<group>"; };
		0E2BF57F1BF7C6D3003FD75F /* TicketTableViewCell.swift */ = {isa = PBXFileReference; fileEncoding = 4; lastKnownFileType = sourcecode.swift; path = TicketTableViewCell.swift; sourceTree = "<group>"; };
		0E30F2D61BD6E4E1001EA2D0 /* WatchListTableViewController.swift */ = {isa = PBXFileReference; fileEncoding = 4; lastKnownFileType = sourcecode.swift; path = WatchListTableViewController.swift; sourceTree = "<group>"; };
		0E3DBC8F1BF53D080045FE05 /* DoneHUD.swift */ = {isa = PBXFileReference; fileEncoding = 4; lastKnownFileType = sourcecode.swift; path = DoneHUD.swift; sourceTree = "<group>"; };
		0E3DBC901BF53D080045FE05 /* DoneView.swift */ = {isa = PBXFileReference; fileEncoding = 4; lastKnownFileType = sourcecode.swift; path = DoneView.swift; sourceTree = "<group>"; };
		0E3DBC951BF540DF0045FE05 /* MoviesTabBarController.swift */ = {isa = PBXFileReference; fileEncoding = 4; lastKnownFileType = sourcecode.swift; path = MoviesTabBarController.swift; sourceTree = "<group>"; };
		0E40E9D31BD1700E0038F893 /* ActorTableViewCell.swift */ = {isa = PBXFileReference; fileEncoding = 4; lastKnownFileType = sourcecode.swift; path = ActorTableViewCell.swift; sourceTree = "<group>"; };
		0E40E9D91BD17BE10038F893 /* Actor.swift */ = {isa = PBXFileReference; fileEncoding = 4; lastKnownFileType = sourcecode.swift; path = Actor.swift; sourceTree = "<group>"; };
		0E4146831BFA522F00112ED9 /* TicketDetailInterfaceController.swift */ = {isa = PBXFileReference; fileEncoding = 4; lastKnownFileType = sourcecode.swift; name = TicketDetailInterfaceController.swift; path = ../Watch/TicketDetailInterfaceController.swift; sourceTree = "<group>"; };
		0E42DF801BF954C50082F543 /* TrailerViewCell.swift */ = {isa = PBXFileReference; fileEncoding = 4; lastKnownFileType = sourcecode.swift; path = TrailerViewCell.swift; sourceTree = "<group>"; };
		0E4741231BFA3F50007FBC01 /* TicketRowController.swift */ = {isa = PBXFileReference; fileEncoding = 4; lastKnownFileType = sourcecode.swift; path = TicketRowController.swift; sourceTree = "<group>"; };
		0E9682271BE15896004232B2 /* WatchListMovieCell.swift */ = {isa = PBXFileReference; fileEncoding = 4; lastKnownFileType = sourcecode.swift; path = WatchListMovieCell.swift; sourceTree = "<group>"; };
		0E9F95FB1BCFE49C0035CF98 /* DetailViewTitleTableCell.swift */ = {isa = PBXFileReference; fileEncoding = 4; lastKnownFileType = sourcecode.swift; path = DetailViewTitleTableCell.swift; sourceTree = "<group>"; };
		0E9F95FD1BCFEF530035CF98 /* DescriptionTableViewCell.swift */ = {isa = PBXFileReference; fileEncoding = 4; lastKnownFileType = sourcecode.swift; path = DescriptionTableViewCell.swift; sourceTree = "<group>"; };
		0EB4F8D81BF75626009BD030 /* MoreTableViewController.swift */ = {isa = PBXFileReference; fileEncoding = 4; lastKnownFileType = sourcecode.swift; path = MoreTableViewController.swift; sourceTree = "<group>"; };
		0EB4F8DA1BF7574B009BD030 /* UserTableViewCell.swift */ = {isa = PBXFileReference; fileEncoding = 4; lastKnownFileType = sourcecode.swift; path = UserTableViewCell.swift; sourceTree = "<group>"; };
		0EB50E9E1BCFAA7A00616DFD /* Movies.app */ = {isa = PBXFileReference; explicitFileType = wrapper.application; includeInIndex = 0; path = Movies.app; sourceTree = BUILT_PRODUCTS_DIR; };
		0EB50EA11BCFAA7A00616DFD /* AppDelegate.swift */ = {isa = PBXFileReference; lastKnownFileType = sourcecode.swift; path = AppDelegate.swift; sourceTree = "<group>"; };
		0EB50EA31BCFAA7A00616DFD /* MovieListViewController.swift */ = {isa = PBXFileReference; lastKnownFileType = sourcecode.swift; path = MovieListViewController.swift; sourceTree = "<group>"; };
		0EB50EA61BCFAA7A00616DFD /* Base */ = {isa = PBXFileReference; lastKnownFileType = file.storyboard; name = Base; path = Base.lproj/Main.storyboard; sourceTree = "<group>"; };
		0EB50EA81BCFAA7A00616DFD /* Assets.xcassets */ = {isa = PBXFileReference; lastKnownFileType = folder.assetcatalog; path = Assets.xcassets; sourceTree = "<group>"; };
		0EB50EAB1BCFAA7A00616DFD /* Base */ = {isa = PBXFileReference; lastKnownFileType = file.storyboard; name = Base; path = Base.lproj/LaunchScreen.storyboard; sourceTree = "<group>"; };
		0EB50EAD1BCFAA7A00616DFD /* Info.plist */ = {isa = PBXFileReference; lastKnownFileType = text.plist.xml; path = Info.plist; sourceTree = "<group>"; };
		0EB50EB21BCFAA7A00616DFD /* MoviesUITests.xctest */ = {isa = PBXFileReference; explicitFileType = wrapper.cfbundle; includeInIndex = 0; path = MoviesUITests.xctest; sourceTree = BUILT_PRODUCTS_DIR; };
		0EB50EB61BCFAA7A00616DFD /* MoviesUITests.swift */ = {isa = PBXFileReference; lastKnownFileType = sourcecode.swift; path = MoviesUITests.swift; sourceTree = "<group>"; };
		0EB50EB81BCFAA7A00616DFD /* Info.plist */ = {isa = PBXFileReference; lastKnownFileType = text.plist.xml; path = Info.plist; sourceTree = "<group>"; };
		0EB50EC11BCFAA9C00616DFD /* Movie.swift */ = {isa = PBXFileReference; fileEncoding = 4; lastKnownFileType = sourcecode.swift; path = Movie.swift; sourceTree = "<group>"; };
		0EB50EC31BCFADD200616DFD /* MovieTableViewCell.swift */ = {isa = PBXFileReference; fileEncoding = 4; lastKnownFileType = sourcecode.swift; path = MovieTableViewCell.swift; sourceTree = "<group>"; };
		0EB50EC51BCFCEAA00616DFD /* MovieDetailViewController.swift */ = {isa = PBXFileReference; fileEncoding = 4; lastKnownFileType = sourcecode.swift; path = MovieDetailViewController.swift; sourceTree = "<group>"; };
		0EECBFA61BFA365200B7CA9A /* Watch.app */ = {isa = PBXFileReference; explicitFileType = wrapper.application; includeInIndex = 0; path = Watch.app; sourceTree = BUILT_PRODUCTS_DIR; };
		0EECBFA91BFA365200B7CA9A /* Base */ = {isa = PBXFileReference; lastKnownFileType = file.storyboard; name = Base; path = Base.lproj/Interface.storyboard; sourceTree = "<group>"; };
		0EECBFAB1BFA365200B7CA9A /* Assets.xcassets */ = {isa = PBXFileReference; lastKnownFileType = folder.assetcatalog; path = Assets.xcassets; sourceTree = "<group>"; };
		0EECBFAD1BFA365200B7CA9A /* Info.plist */ = {isa = PBXFileReference; lastKnownFileType = text.plist.xml; path = Info.plist; sourceTree = "<group>"; };
		0EECBFB21BFA365200B7CA9A /* Watch Extension.appex */ = {isa = PBXFileReference; explicitFileType = "wrapper.app-extension"; includeInIndex = 0; path = "Watch Extension.appex"; sourceTree = BUILT_PRODUCTS_DIR; };
		0EECBFB81BFA365200B7CA9A /* PushNotificationPayload.apns */ = {isa = PBXFileReference; lastKnownFileType = text; path = PushNotificationPayload.apns; sourceTree = "<group>"; };
		0EECBFB91BFA365200B7CA9A /* TicketsInterfaceController.swift */ = {isa = PBXFileReference; lastKnownFileType = sourcecode.swift; path = TicketsInterfaceController.swift; sourceTree = "<group>"; };
		0EECBFBB1BFA365200B7CA9A /* ExtensionDelegate.swift */ = {isa = PBXFileReference; lastKnownFileType = sourcecode.swift; path = ExtensionDelegate.swift; sourceTree = "<group>"; };
		0EECBFBD1BFA365200B7CA9A /* NotificationController.swift */ = {isa = PBXFileReference; lastKnownFileType = sourcecode.swift; path = NotificationController.swift; sourceTree = "<group>"; };
		0EECBFBF1BFA365200B7CA9A /* Assets.xcassets */ = {isa = PBXFileReference; lastKnownFileType = folder.assetcatalog; path = Assets.xcassets; sourceTree = "<group>"; };
		0EECBFC11BFA365200B7CA9A /* Info.plist */ = {isa = PBXFileReference; lastKnownFileType = text.plist.xml; path = Info.plist; sourceTree = "<group>"; };
		0EECBFD51BFA370D00B7CA9A /* Alamofire.framework */ = {isa = PBXFileReference; lastKnownFileType = wrapper.framework; name = Alamofire.framework; path = "Pods/../build/Debug-iphoneos/Alamofire.framework"; sourceTree = "<group>"; };
		420E2585622BAA43782CC26A /* Pods_Movies.framework */ = {isa = PBXFileReference; explicitFileType = wrapper.framework; includeInIndex = 0; path = Pods_Movies.framework; sourceTree = BUILT_PRODUCTS_DIR; };
		4938DDAEA4E9F0ECB745AB26 /* Pods-Watch Extension.release.xcconfig */ = {isa = PBXFileReference; includeInIndex = 1; lastKnownFileType = text.xcconfig; name = "Pods-Watch Extension.release.xcconfig"; path = "Pods/Target Support Files/Pods-Watch Extension/Pods-Watch Extension.release.xcconfig"; sourceTree = "<group>"; };
		4B739AD0ABED6CC7BD5DD461 /* Pods_Watch_Extension.framework */ = {isa = PBXFileReference; explicitFileType = wrapper.framework; includeInIndex = 0; path = Pods_Watch_Extension.framework; sourceTree = BUILT_PRODUCTS_DIR; };
		5CB68C3B7BFAFED00387185B /* Pods-Movies.debug.xcconfig */ = {isa = PBXFileReference; includeInIndex = 1; lastKnownFileType = text.xcconfig; name = "Pods-Movies.debug.xcconfig"; path = "Pods/Target Support Files/Pods-Movies/Pods-Movies.debug.xcconfig"; sourceTree = "<group>"; };
		89AE4153DFF1DBA2C3B6D2AD /* Pods-Movies.release.xcconfig */ = {isa = PBXFileReference; includeInIndex = 1; lastKnownFileType = text.xcconfig; name = "Pods-Movies.release.xcconfig"; path = "Pods/Target Support Files/Pods-Movies/Pods-Movies.release.xcconfig"; sourceTree = "<group>"; };
		DEE00C04EFDB06C0430B6E7C /* Pods-Watch Extension.debug.xcconfig */ = {isa = PBXFileReference; includeInIndex = 1; lastKnownFileType = text.xcconfig; name = "Pods-Watch Extension.debug.xcconfig"; path = "Pods/Target Support Files/Pods-Watch Extension/Pods-Watch Extension.debug.xcconfig"; sourceTree = "<group>"; };
/* End PBXFileReference section */

/* Begin PBXFrameworksBuildPhase section */
		0EB50E9B1BCFAA7A00616DFD /* Frameworks */ = {
			isa = PBXFrameworksBuildPhase;
			buildActionMask = 2147483647;
			files = (
				0E17A5C31BF66CCC009E7316 /* FBSDKShareKit.framework in Frameworks */,
				737682E87B46A2859A9ABDFD /* Pods_Movies.framework in Frameworks */,
				0E17A5C11BF66CCC009E7316 /* FBSDKCoreKit.framework in Frameworks */,
				0E17A5C21BF66CCC009E7316 /* FBSDKLoginKit.framework in Frameworks */,
			);
			runOnlyForDeploymentPostprocessing = 0;
		};
		0EB50EAF1BCFAA7A00616DFD /* Frameworks */ = {
			isa = PBXFrameworksBuildPhase;
			buildActionMask = 2147483647;
			files = (
			);
			runOnlyForDeploymentPostprocessing = 0;
		};
		0EECBFAF1BFA365200B7CA9A /* Frameworks */ = {
			isa = PBXFrameworksBuildPhase;
			buildActionMask = 2147483647;
			files = (
				F75CD1BE906EBE143A1C1147 /* Pods_Watch_Extension.framework in Frameworks */,
			);
			runOnlyForDeploymentPostprocessing = 0;
		};
/* End PBXFrameworksBuildPhase section */

/* Begin PBXGroup section */
		029E702D0337169AE81C915D /* Frameworks */ = {
			isa = PBXGroup;
			children = (
				0EECBFD51BFA370D00B7CA9A /* Alamofire.framework */,
				0E17A5BE1BF66CCC009E7316 /* FBSDKCoreKit.framework */,
				0E17A5BF1BF66CCC009E7316 /* FBSDKLoginKit.framework */,
				0E17A5C01BF66CCC009E7316 /* FBSDKShareKit.framework */,
				0E20BE641BD331DA00E87873 /* PZPullToRefresh.framework */,
				420E2585622BAA43782CC26A /* Pods_Movies.framework */,
				4B739AD0ABED6CC7BD5DD461 /* Pods_Watch_Extension.framework */,
			);
			name = Frameworks;
			sourceTree = "<group>";
		};
		0E20BE5B1BD2BBE700E87873 /* Person View */ = {
			isa = PBXGroup;
			children = (
				0E20BE591BD2BBD700E87873 /* PersonViewController.swift */,
				0E20BE5C1BD2BEFD00E87873 /* HeadShotTableViewCell.swift */,
				0E20BE5E1BD2BF2500E87873 /* ClearMovieTableViewCell.swift */,
			);
			name = "Person View";
			sourceTree = "<group>";
		};
		0E2BF5731BF7678D003FD75F /* MoreTab */ = {
			isa = PBXGroup;
			children = (
				0EB4F8DA1BF7574B009BD030 /* UserTableViewCell.swift */,
				0E01AE771BF7F1F1006AB17C /* LanguagePreferenceSelector.swift */,
				0E01AE791BF7F208006AB17C /* DistancePreferenceSelector.swift */,
				0EB4F8D81BF75626009BD030 /* MoreTableViewController.swift */,
			);
			name = MoreTab;
			sourceTree = "<group>";
		};
		0E2BF57E1BF7C686003FD75F /* Tickets List View */ = {
			isa = PBXGroup;
			children = (
				0E2BF5781BF7C075003FD75F /* TicketTableViewController.swift */,
				0E2BF57F1BF7C6D3003FD75F /* TicketTableViewCell.swift */,
			);
			name = "Tickets List View";
			sourceTree = "<group>";
		};
		0E30F2D51BD6E4C2001EA2D0 /* Search */ = {
			isa = PBXGroup;
			children = (
				0E094D6A1BD3F989009994F0 /* SearchTableViewController.swift */,
			);
			name = Search;
			sourceTree = "<group>";
		};
		0E30F2D81BD6E4EA001EA2D0 /* Watch List */ = {
			isa = PBXGroup;
			children = (
				0E30F2D61BD6E4E1001EA2D0 /* WatchListTableViewController.swift */,
				0E9682271BE15896004232B2 /* WatchListMovieCell.swift */,
			);
			name = "Watch List";
			sourceTree = "<group>";
		};
		0E40E9D51BD17B4C0038F893 /* Movie Detail View */ = {
			isa = PBXGroup;
			children = (
				0E42DF801BF954C50082F543 /* TrailerViewCell.swift */,
				0EB50EC51BCFCEAA00616DFD /* MovieDetailViewController.swift */,
				0E9F95FB1BCFE49C0035CF98 /* DetailViewTitleTableCell.swift */,
				0E9F95FD1BCFEF530035CF98 /* DescriptionTableViewCell.swift */,
				0E40E9D31BD1700E0038F893 /* ActorTableViewCell.swift */,
			);
			name = "Movie Detail View";
			sourceTree = "<group>";
		};
		0E40E9D61BD17B780038F893 /* List View */ = {
			isa = PBXGroup;
			children = (
				0EB50EA31BCFAA7A00616DFD /* MovieListViewController.swift */,
				0EB50EC31BCFADD200616DFD /* MovieTableViewCell.swift */,
			);
			name = "List View";
			sourceTree = "<group>";
		};
		0E40E9D71BD17B8B0038F893 /* Models */ = {
			isa = PBXGroup;
			children = (
				0E1E45801BF6977B00CF37C9 /* User.swift */,
				0E2BF5741BF7BE47003FD75F /* Ticket.swift */,
				0E2BF57A1BF7C0BB003FD75F /* TicketEntity.swift */,
				0E2BF57C1BF7C0DF003FD75F /* GroupTicket.swift */,
				0E2BF5761BF7BE5E003FD75F /* Theatre.swift */,
				0EB50EC11BCFAA9C00616DFD /* Movie.swift */,
				0E40E9D91BD17BE10038F893 /* Actor.swift */,
				0E20BE601BD30F5A00E87873 /* MovieDataFetcher.swift */,
			);
			name = Models;
			sourceTree = "<group>";
		};
		0E40E9D81BD17BA40038F893 /* Assisting Files And App Delegate */ = {
			isa = PBXGroup;
			children = (
				0EB50EA11BCFAA7A00616DFD /* AppDelegate.swift */,
				0EB50EAA1BCFAA7A00616DFD /* LaunchScreen.storyboard */,
				0EB50EA81BCFAA7A00616DFD /* Assets.xcassets */,
				0EB50EAD1BCFAA7A00616DFD /* Info.plist */,
			);
			name = "Assisting Files And App Delegate";
			sourceTree = "<group>";
		};
		0EB50E951BCFAA7A00616DFD = {
			isa = PBXGroup;
			children = (
				0EB50EA01BCFAA7A00616DFD /* Movies */,
				0EB50EB51BCFAA7A00616DFD /* MoviesUITests */,
				0EECBFA71BFA365200B7CA9A /* Watch */,
				0EECBFB61BFA365200B7CA9A /* Watch Extension */,
				0EB50E9F1BCFAA7A00616DFD /* Products */,
				FF50CE091A258F14B541C225 /* Pods */,
				029E702D0337169AE81C915D /* Frameworks */,
			);
			sourceTree = "<group>";
		};
		0EB50E9F1BCFAA7A00616DFD /* Products */ = {
			isa = PBXGroup;
			children = (
				0EB50E9E1BCFAA7A00616DFD /* Movies.app */,
				0EB50EB21BCFAA7A00616DFD /* MoviesUITests.xctest */,
				0EECBFA61BFA365200B7CA9A /* Watch.app */,
				0EECBFB21BFA365200B7CA9A /* Watch Extension.appex */,
			);
			name = Products;
			sourceTree = "<group>";
		};
		0EB50EA01BCFAA7A00616DFD /* Movies */ = {
			isa = PBXGroup;
			children = (
				0EB50EA51BCFAA7A00616DFD /* Main.storyboard */,
				0E20BE631BD32E6B00E87873 /* Movies-Bridging-Header.h */,
				0EDF3EF71BF56EF5003A31B2 /* TabBar */,
				0E40E9D71BD17B8B0038F893 /* Models */,
				0E40E9D61BD17B780038F893 /* List View */,
				0E30F2D51BD6E4C2001EA2D0 /* Search */,
				0E40E9D51BD17B4C0038F893 /* Movie Detail View */,
				0E20BE5B1BD2BBE700E87873 /* Person View */,
				0E30F2D81BD6E4EA001EA2D0 /* Watch List */,
				0E2BF57E1BF7C686003FD75F /* Tickets List View */,
				0E2BF5731BF7678D003FD75F /* MoreTab */,
				0EDF3EF81BF56F08003A31B2 /* ThirdParty Classes */,
				0E40E9D81BD17BA40038F893 /* Assisting Files And App Delegate */,
			);
			path = Movies;
			sourceTree = "<group>";
		};
		0EB50EB51BCFAA7A00616DFD /* MoviesUITests */ = {
			isa = PBXGroup;
			children = (
				0EB50EB61BCFAA7A00616DFD /* MoviesUITests.swift */,
				0EB50EB81BCFAA7A00616DFD /* Info.plist */,
			);
			path = MoviesUITests;
			sourceTree = "<group>";
		};
		0EDF3EF71BF56EF5003A31B2 /* TabBar */ = {
			isa = PBXGroup;
			children = (
				0E17A5C41BF66F1A009E7316 /* LoginViewController.swift */,
				0E3DBC951BF540DF0045FE05 /* MoviesTabBarController.swift */,
			);
			name = TabBar;
			sourceTree = "<group>";
		};
		0EDF3EF81BF56F08003A31B2 /* ThirdParty Classes */ = {
			isa = PBXGroup;
			children = (
				0EDF3EF91BF56F15003A31B2 /* Done HUD */,
			);
			name = "ThirdParty Classes";
			sourceTree = "<group>";
		};
		0EDF3EF91BF56F15003A31B2 /* Done HUD */ = {
			isa = PBXGroup;
			children = (
				0E3DBC8F1BF53D080045FE05 /* DoneHUD.swift */,
				0E3DBC901BF53D080045FE05 /* DoneView.swift */,
			);
			name = "Done HUD";
			sourceTree = "<group>";
		};
		0EECBFA71BFA365200B7CA9A /* Watch */ = {
			isa = PBXGroup;
			children = (
				0EECBFA81BFA365200B7CA9A /* Interface.storyboard */,
				0EECBFAB1BFA365200B7CA9A /* Assets.xcassets */,
				0EECBFAD1BFA365200B7CA9A /* Info.plist */,
			);
			path = Watch;
			sourceTree = "<group>";
		};
		0EECBFB61BFA365200B7CA9A /* Watch Extension */ = {
			isa = PBXGroup;
			children = (
				0EECBFB91BFA365200B7CA9A /* TicketsInterfaceController.swift */,
				0E4146831BFA522F00112ED9 /* TicketDetailInterfaceController.swift */,
				0EECBFBB1BFA365200B7CA9A /* ExtensionDelegate.swift */,
				0E4741231BFA3F50007FBC01 /* TicketRowController.swift */,
				0EECBFBD1BFA365200B7CA9A /* NotificationController.swift */,
				0EECBFBF1BFA365200B7CA9A /* Assets.xcassets */,
				0EECBFC11BFA365200B7CA9A /* Info.plist */,
				0EECBFB71BFA365200B7CA9A /* Supporting Files */,
			);
			path = "Watch Extension";
			sourceTree = "<group>";
		};
		0EECBFB71BFA365200B7CA9A /* Supporting Files */ = {
			isa = PBXGroup;
			children = (
				0EECBFB81BFA365200B7CA9A /* PushNotificationPayload.apns */,
			);
			name = "Supporting Files";
			sourceTree = "<group>";
		};
		FF50CE091A258F14B541C225 /* Pods */ = {
			isa = PBXGroup;
			children = (
				5CB68C3B7BFAFED00387185B /* Pods-Movies.debug.xcconfig */,
				89AE4153DFF1DBA2C3B6D2AD /* Pods-Movies.release.xcconfig */,
				DEE00C04EFDB06C0430B6E7C /* Pods-Watch Extension.debug.xcconfig */,
				4938DDAEA4E9F0ECB745AB26 /* Pods-Watch Extension.release.xcconfig */,
			);
			name = Pods;
			sourceTree = "<group>";
		};
/* End PBXGroup section */

/* Begin PBXNativeTarget section */
		0EB50E9D1BCFAA7A00616DFD /* Movies */ = {
			isa = PBXNativeTarget;
			buildConfigurationList = 0EB50EBB1BCFAA7A00616DFD /* Build configuration list for PBXNativeTarget "Movies" */;
			buildPhases = (
				91C09AC86412FAFB2E0A59AB /* Check Pods Manifest.lock */,
				0EB50E9A1BCFAA7A00616DFD /* Sources */,
				0EB50E9B1BCFAA7A00616DFD /* Frameworks */,
				0EB50E9C1BCFAA7A00616DFD /* Resources */,
				C8FAC2629C6DA9590DEFE6ED /* Embed Pods Frameworks */,
				D94564127CCC1291F87E7B13 /* Copy Pods Resources */,
				0EECBFCC1BFA365200B7CA9A /* Embed Watch Content */,
			);
			buildRules = (
			);
			dependencies = (
				0E41468C1BFA59FF00112ED9 /* PBXTargetDependency */,
			);
			name = Movies;
			productName = Movies;
			productReference = 0EB50E9E1BCFAA7A00616DFD /* Movies.app */;
			productType = "com.apple.product-type.application";
		};
		0EB50EB11BCFAA7A00616DFD /* MoviesUITests */ = {
			isa = PBXNativeTarget;
			buildConfigurationList = 0EB50EBE1BCFAA7A00616DFD /* Build configuration list for PBXNativeTarget "MoviesUITests" */;
			buildPhases = (
				0EB50EAE1BCFAA7A00616DFD /* Sources */,
				0EB50EAF1BCFAA7A00616DFD /* Frameworks */,
				0EB50EB01BCFAA7A00616DFD /* Resources */,
			);
			buildRules = (
			);
			dependencies = (
				0EB50EB41BCFAA7A00616DFD /* PBXTargetDependency */,
			);
			name = MoviesUITests;
			productName = MoviesUITests;
			productReference = 0EB50EB21BCFAA7A00616DFD /* MoviesUITests.xctest */;
			productType = "com.apple.product-type.bundle.ui-testing";
		};
		0EECBFA51BFA365200B7CA9A /* Watch */ = {
			isa = PBXNativeTarget;
			buildConfigurationList = 0EECBFCB1BFA365200B7CA9A /* Build configuration list for PBXNativeTarget "Watch" */;
			buildPhases = (
				0EECBFA41BFA365200B7CA9A /* Resources */,
				0EECBFCA1BFA365200B7CA9A /* Embed App Extensions */,
			);
			buildRules = (
			);
			dependencies = (
				0EECBFB51BFA365200B7CA9A /* PBXTargetDependency */,
			);
			name = Watch;
			productName = Watch;
			productReference = 0EECBFA61BFA365200B7CA9A /* Watch.app */;
			productType = "com.apple.product-type.application.watchapp2";
		};
		0EECBFB11BFA365200B7CA9A /* Watch Extension */ = {
			isa = PBXNativeTarget;
			buildConfigurationList = 0EECBFC91BFA365200B7CA9A /* Build configuration list for PBXNativeTarget "Watch Extension" */;
			buildPhases = (
				DCA7690C37B2D0DCFF0EFC62 /* Check Pods Manifest.lock */,
				0EECBFAE1BFA365200B7CA9A /* Sources */,
				0EECBFAF1BFA365200B7CA9A /* Frameworks */,
				0EECBFB01BFA365200B7CA9A /* Resources */,
				41DB0CE951759DE244A3EF3A /* Embed Pods Frameworks */,
				BD62F7703E00F71EBA76C649 /* Copy Pods Resources */,
			);
			buildRules = (
			);
			dependencies = (
			);
			name = "Watch Extension";
			productName = "Watch Extension";
			productReference = 0EECBFB21BFA365200B7CA9A /* Watch Extension.appex */;
			productType = "com.apple.product-type.watchkit2-extension";
		};
/* End PBXNativeTarget section */

/* Begin PBXProject section */
		0EB50E961BCFAA7A00616DFD /* Project object */ = {
			isa = PBXProject;
			attributes = {
				LastSwiftUpdateCheck = 0710;
				LastUpgradeCheck = 0700;
				ORGANIZATIONNAME = "LS1 TUM";
				TargetAttributes = {
					0EB50E9D1BCFAA7A00616DFD = {
						CreatedOnToolsVersion = 7.0.1;
						DevelopmentTeam = ZGV2PY25EN;
					};
					0EB50EB11BCFAA7A00616DFD = {
						CreatedOnToolsVersion = 7.0.1;
						TestTargetID = 0EB50E9D1BCFAA7A00616DFD;
					};
					0EECBFA51BFA365200B7CA9A = {
						CreatedOnToolsVersion = 7.1.1;
						DevelopmentTeam = ZGV2PY25EN;
					};
					0EECBFB11BFA365200B7CA9A = {
						CreatedOnToolsVersion = 7.1.1;
						DevelopmentTeam = ZGV2PY25EN;
					};
				};
			};
			buildConfigurationList = 0EB50E991BCFAA7A00616DFD /* Build configuration list for PBXProject "Movies" */;
			compatibilityVersion = "Xcode 3.2";
			developmentRegion = English;
			hasScannedForEncodings = 0;
			knownRegions = (
				en,
				Base,
			);
			mainGroup = 0EB50E951BCFAA7A00616DFD;
			productRefGroup = 0EB50E9F1BCFAA7A00616DFD /* Products */;
			projectDirPath = "";
			projectRoot = "";
			targets = (
				0EB50E9D1BCFAA7A00616DFD /* Movies */,
				0EB50EB11BCFAA7A00616DFD /* MoviesUITests */,
				0EECBFA51BFA365200B7CA9A /* Watch */,
				0EECBFB11BFA365200B7CA9A /* Watch Extension */,
			);
		};
/* End PBXProject section */

/* Begin PBXResourcesBuildPhase section */
		0EB50E9C1BCFAA7A00616DFD /* Resources */ = {
			isa = PBXResourcesBuildPhase;
			buildActionMask = 2147483647;
			files = (
				0EB50EAC1BCFAA7A00616DFD /* LaunchScreen.storyboard in Resources */,
				0EB50EA91BCFAA7A00616DFD /* Assets.xcassets in Resources */,
				0EB50EA71BCFAA7A00616DFD /* Main.storyboard in Resources */,
			);
			runOnlyForDeploymentPostprocessing = 0;
		};
		0EB50EB01BCFAA7A00616DFD /* Resources */ = {
			isa = PBXResourcesBuildPhase;
			buildActionMask = 2147483647;
			files = (
			);
			runOnlyForDeploymentPostprocessing = 0;
		};
		0EECBFA41BFA365200B7CA9A /* Resources */ = {
			isa = PBXResourcesBuildPhase;
			buildActionMask = 2147483647;
			files = (
				0EECBFAC1BFA365200B7CA9A /* Assets.xcassets in Resources */,
				0EECBFAA1BFA365200B7CA9A /* Interface.storyboard in Resources */,
			);
			runOnlyForDeploymentPostprocessing = 0;
		};
		0EECBFB01BFA365200B7CA9A /* Resources */ = {
			isa = PBXResourcesBuildPhase;
			buildActionMask = 2147483647;
			files = (
				0EECBFC01BFA365200B7CA9A /* Assets.xcassets in Resources */,
			);
			runOnlyForDeploymentPostprocessing = 0;
		};
/* End PBXResourcesBuildPhase section */

/* Begin PBXShellScriptBuildPhase section */
		41DB0CE951759DE244A3EF3A /* Embed Pods Frameworks */ = {
			isa = PBXShellScriptBuildPhase;
			buildActionMask = 2147483647;
			files = (
			);
			inputPaths = (
			);
			name = "Embed Pods Frameworks";
			outputPaths = (
			);
			runOnlyForDeploymentPostprocessing = 0;
			shellPath = /bin/sh;
			shellScript = "\"${SRCROOT}/Pods/Target Support Files/Pods-Watch Extension/Pods-Watch Extension-frameworks.sh\"\n";
			showEnvVarsInLog = 0;
		};
		91C09AC86412FAFB2E0A59AB /* Check Pods Manifest.lock */ = {
			isa = PBXShellScriptBuildPhase;
			buildActionMask = 2147483647;
			files = (
			);
			inputPaths = (
			);
			name = "Check Pods Manifest.lock";
			outputPaths = (
			);
			runOnlyForDeploymentPostprocessing = 0;
			shellPath = /bin/sh;
			shellScript = "diff \"${PODS_ROOT}/../Podfile.lock\" \"${PODS_ROOT}/Manifest.lock\" > /dev/null\nif [[ $? != 0 ]] ; then\n    cat << EOM\nerror: The sandbox is not in sync with the Podfile.lock. Run 'pod install' or update your CocoaPods installation.\nEOM\n    exit 1\nfi\n";
			showEnvVarsInLog = 0;
		};
		BD62F7703E00F71EBA76C649 /* Copy Pods Resources */ = {
			isa = PBXShellScriptBuildPhase;
			buildActionMask = 2147483647;
			files = (
			);
			inputPaths = (
			);
			name = "Copy Pods Resources";
			outputPaths = (
			);
			runOnlyForDeploymentPostprocessing = 0;
			shellPath = /bin/sh;
			shellScript = "\"${SRCROOT}/Pods/Target Support Files/Pods-Watch Extension/Pods-Watch Extension-resources.sh\"\n";
			showEnvVarsInLog = 0;
		};
		C8FAC2629C6DA9590DEFE6ED /* Embed Pods Frameworks */ = {
			isa = PBXShellScriptBuildPhase;
			buildActionMask = 2147483647;
			files = (
			);
			inputPaths = (
			);
			name = "Embed Pods Frameworks";
			outputPaths = (
			);
			runOnlyForDeploymentPostprocessing = 0;
			shellPath = /bin/sh;
			shellScript = "\"${SRCROOT}/Pods/Target Support Files/Pods-Movies/Pods-Movies-frameworks.sh\"\n";
			showEnvVarsInLog = 0;
		};
		D94564127CCC1291F87E7B13 /* Copy Pods Resources */ = {
			isa = PBXShellScriptBuildPhase;
			buildActionMask = 2147483647;
			files = (
			);
			inputPaths = (
			);
			name = "Copy Pods Resources";
			outputPaths = (
			);
			runOnlyForDeploymentPostprocessing = 0;
			shellPath = /bin/sh;
			shellScript = "\"${SRCROOT}/Pods/Target Support Files/Pods-Movies/Pods-Movies-resources.sh\"\n";
			showEnvVarsInLog = 0;
		};
		DCA7690C37B2D0DCFF0EFC62 /* Check Pods Manifest.lock */ = {
			isa = PBXShellScriptBuildPhase;
			buildActionMask = 2147483647;
			files = (
			);
			inputPaths = (
			);
			name = "Check Pods Manifest.lock";
			outputPaths = (
			);
			runOnlyForDeploymentPostprocessing = 0;
			shellPath = /bin/sh;
			shellScript = "diff \"${PODS_ROOT}/../Podfile.lock\" \"${PODS_ROOT}/Manifest.lock\" > /dev/null\nif [[ $? != 0 ]] ; then\n    cat << EOM\nerror: The sandbox is not in sync with the Podfile.lock. Run 'pod install' or update your CocoaPods installation.\nEOM\n    exit 1\nfi\n";
			showEnvVarsInLog = 0;
		};
/* End PBXShellScriptBuildPhase section */

/* Begin PBXSourcesBuildPhase section */
		0EB50E9A1BCFAA7A00616DFD /* Sources */ = {
			isa = PBXSourcesBuildPhase;
			buildActionMask = 2147483647;
			files = (
				0E17A5C51BF66F1A009E7316 /* LoginViewController.swift in Sources */,
				0EB50EA41BCFAA7A00616DFD /* MovieListViewController.swift in Sources */,
				0E20BE611BD30F5A00E87873 /* MovieDataFetcher.swift in Sources */,
				0EB50EC61BCFCEAA00616DFD /* MovieDetailViewController.swift in Sources */,
				0E01AE781BF7F1F1006AB17C /* LanguagePreferenceSelector.swift in Sources */,
				0EB4F8DB1BF7574B009BD030 /* UserTableViewCell.swift in Sources */,
				0E3DBC911BF53D080045FE05 /* DoneHUD.swift in Sources */,
				0E2BF5791BF7C075003FD75F /* TicketTableViewController.swift in Sources */,
				0E094D6B1BD3F989009994F0 /* SearchTableViewController.swift in Sources */,
				0E20BE5F1BD2BF2500E87873 /* ClearMovieTableViewCell.swift in Sources */,
				0E3DBC961BF540DF0045FE05 /* MoviesTabBarController.swift in Sources */,
				0E2BF57B1BF7C0BB003FD75F /* TicketEntity.swift in Sources */,
				0E01AE7A1BF7F208006AB17C /* DistancePreferenceSelector.swift in Sources */,
				0EB50EA21BCFAA7A00616DFD /* AppDelegate.swift in Sources */,
				0E30F2D71BD6E4E1001EA2D0 /* WatchListTableViewController.swift in Sources */,
				0E1E45811BF6977B00CF37C9 /* User.swift in Sources */,
				0E2BF5751BF7BE47003FD75F /* Ticket.swift in Sources */,
				0E20BE5D1BD2BEFD00E87873 /* HeadShotTableViewCell.swift in Sources */,
				0EB50EC41BCFADD200616DFD /* MovieTableViewCell.swift in Sources */,
				0EB4F8D91BF75626009BD030 /* MoreTableViewController.swift in Sources */,
				0E2BF57D1BF7C0DF003FD75F /* GroupTicket.swift in Sources */,
				0EB50EC21BCFAA9C00616DFD /* Movie.swift in Sources */,
				0E20BE5A1BD2BBD700E87873 /* PersonViewController.swift in Sources */,
				0E9F95FE1BCFEF530035CF98 /* DescriptionTableViewCell.swift in Sources */,
				0E9682281BE15896004232B2 /* WatchListMovieCell.swift in Sources */,
				0E40E9DA1BD17BE10038F893 /* Actor.swift in Sources */,
				0E9F95FC1BCFE49C0035CF98 /* DetailViewTitleTableCell.swift in Sources */,
				0E2BF5771BF7BE5E003FD75F /* Theatre.swift in Sources */,
				0E2BF5801BF7C6D3003FD75F /* TicketTableViewCell.swift in Sources */,
				0E3DBC921BF53D080045FE05 /* DoneView.swift in Sources */,
				0E42DF811BF954C50082F543 /* TrailerViewCell.swift in Sources */,
				0E40E9D41BD1700E0038F893 /* ActorTableViewCell.swift in Sources */,
			);
			runOnlyForDeploymentPostprocessing = 0;
		};
		0EB50EAE1BCFAA7A00616DFD /* Sources */ = {
			isa = PBXSourcesBuildPhase;
			buildActionMask = 2147483647;
			files = (
				0EB50EB71BCFAA7A00616DFD /* MoviesUITests.swift in Sources */,
			);
			runOnlyForDeploymentPostprocessing = 0;
		};
		0EECBFAE1BFA365200B7CA9A /* Sources */ = {
			isa = PBXSourcesBuildPhase;
			buildActionMask = 2147483647;
			files = (
				0EECBFD41BFA36F700B7CA9A /* MovieDataFetcher.swift in Sources */,
				0EECBFCF1BFA36F700B7CA9A /* TicketEntity.swift in Sources */,
				0EECBFD21BFA36F700B7CA9A /* Movie.swift in Sources */,
				0EECBFBE1BFA365200B7CA9A /* NotificationController.swift in Sources */,
				0EECBFD01BFA36F700B7CA9A /* GroupTicket.swift in Sources */,
				0EECBFCE1BFA36F700B7CA9A /* Ticket.swift in Sources */,
				0EECBFD11BFA36F700B7CA9A /* Theatre.swift in Sources */,
				0EECBFBC1BFA365200B7CA9A /* ExtensionDelegate.swift in Sources */,
				0E4146851BFA52DC00112ED9 /* TicketDetailInterfaceController.swift in Sources */,
				0E4741241BFA3F50007FBC01 /* TicketRowController.swift in Sources */,
				0EECBFBA1BFA365200B7CA9A /* TicketsInterfaceController.swift in Sources */,
				0EECBFD31BFA36F700B7CA9A /* Actor.swift in Sources */,
			);
			runOnlyForDeploymentPostprocessing = 0;
		};
/* End PBXSourcesBuildPhase section */

/* Begin PBXTargetDependency section */
		0E41468C1BFA59FF00112ED9 /* PBXTargetDependency */ = {
			isa = PBXTargetDependency;
			target = 0EECBFA51BFA365200B7CA9A /* Watch */;
			targetProxy = 0E41468B1BFA59FF00112ED9 /* PBXContainerItemProxy */;
		};
		0EB50EB41BCFAA7A00616DFD /* PBXTargetDependency */ = {
			isa = PBXTargetDependency;
			target = 0EB50E9D1BCFAA7A00616DFD /* Movies */;
			targetProxy = 0EB50EB31BCFAA7A00616DFD /* PBXContainerItemProxy */;
		};
		0EECBFB51BFA365200B7CA9A /* PBXTargetDependency */ = {
			isa = PBXTargetDependency;
			target = 0EECBFB11BFA365200B7CA9A /* Watch Extension */;
			targetProxy = 0EECBFB41BFA365200B7CA9A /* PBXContainerItemProxy */;
		};
/* End PBXTargetDependency section */

/* Begin PBXVariantGroup section */
		0EB50EA51BCFAA7A00616DFD /* Main.storyboard */ = {
			isa = PBXVariantGroup;
			children = (
				0EB50EA61BCFAA7A00616DFD /* Base */,
			);
			name = Main.storyboard;
			sourceTree = "<group>";
		};
		0EB50EAA1BCFAA7A00616DFD /* LaunchScreen.storyboard */ = {
			isa = PBXVariantGroup;
			children = (
				0EB50EAB1BCFAA7A00616DFD /* Base */,
			);
			name = LaunchScreen.storyboard;
			sourceTree = "<group>";
		};
		0EECBFA81BFA365200B7CA9A /* Interface.storyboard */ = {
			isa = PBXVariantGroup;
			children = (
				0EECBFA91BFA365200B7CA9A /* Base */,
			);
			name = Interface.storyboard;
			sourceTree = "<group>";
		};
/* End PBXVariantGroup section */

/* Begin XCBuildConfiguration section */
		0EB50EB91BCFAA7A00616DFD /* Debug */ = {
			isa = XCBuildConfiguration;
			buildSettings = {
				ALWAYS_SEARCH_USER_PATHS = NO;
				CLANG_CXX_LANGUAGE_STANDARD = "gnu++0x";
				CLANG_CXX_LIBRARY = "libc++";
				CLANG_ENABLE_MODULES = YES;
				CLANG_ENABLE_OBJC_ARC = YES;
				CLANG_WARN_BOOL_CONVERSION = YES;
				CLANG_WARN_CONSTANT_CONVERSION = YES;
				CLANG_WARN_DIRECT_OBJC_ISA_USAGE = YES_ERROR;
				CLANG_WARN_EMPTY_BODY = YES;
				CLANG_WARN_ENUM_CONVERSION = YES;
				CLANG_WARN_INT_CONVERSION = YES;
				CLANG_WARN_OBJC_ROOT_CLASS = YES_ERROR;
				CLANG_WARN_UNREACHABLE_CODE = YES;
				CLANG_WARN__DUPLICATE_METHOD_MATCH = YES;
				"CODE_SIGN_IDENTITY[sdk=iphoneos*]" = "iPhone Developer";
				COPY_PHASE_STRIP = NO;
				DEBUG_INFORMATION_FORMAT = dwarf;
				ENABLE_STRICT_OBJC_MSGSEND = YES;
				ENABLE_TESTABILITY = YES;
				GCC_C_LANGUAGE_STANDARD = gnu99;
				GCC_DYNAMIC_NO_PIC = NO;
				GCC_NO_COMMON_BLOCKS = YES;
				GCC_OPTIMIZATION_LEVEL = 0;
				GCC_PREPROCESSOR_DEFINITIONS = (
					"DEBUG=1",
					"$(inherited)",
				);
				GCC_WARN_64_TO_32_BIT_CONVERSION = YES;
				GCC_WARN_ABOUT_RETURN_TYPE = YES_ERROR;
				GCC_WARN_UNDECLARED_SELECTOR = YES;
				GCC_WARN_UNINITIALIZED_AUTOS = YES_AGGRESSIVE;
				GCC_WARN_UNUSED_FUNCTION = YES;
				GCC_WARN_UNUSED_VARIABLE = YES;
				IPHONEOS_DEPLOYMENT_TARGET = 9.0;
				MTL_ENABLE_DEBUG_INFO = YES;
				ONLY_ACTIVE_ARCH = YES;
				SDKROOT = iphoneos;
				SWIFT_OPTIMIZATION_LEVEL = "-Onone";
			};
			name = Debug;
		};
		0EB50EBA1BCFAA7A00616DFD /* Release */ = {
			isa = XCBuildConfiguration;
			buildSettings = {
				ALWAYS_SEARCH_USER_PATHS = NO;
				CLANG_CXX_LANGUAGE_STANDARD = "gnu++0x";
				CLANG_CXX_LIBRARY = "libc++";
				CLANG_ENABLE_MODULES = YES;
				CLANG_ENABLE_OBJC_ARC = YES;
				CLANG_WARN_BOOL_CONVERSION = YES;
				CLANG_WARN_CONSTANT_CONVERSION = YES;
				CLANG_WARN_DIRECT_OBJC_ISA_USAGE = YES_ERROR;
				CLANG_WARN_EMPTY_BODY = YES;
				CLANG_WARN_ENUM_CONVERSION = YES;
				CLANG_WARN_INT_CONVERSION = YES;
				CLANG_WARN_OBJC_ROOT_CLASS = YES_ERROR;
				CLANG_WARN_UNREACHABLE_CODE = YES;
				CLANG_WARN__DUPLICATE_METHOD_MATCH = YES;
				"CODE_SIGN_IDENTITY[sdk=iphoneos*]" = "iPhone Developer";
				COPY_PHASE_STRIP = NO;
				DEBUG_INFORMATION_FORMAT = "dwarf-with-dsym";
				ENABLE_NS_ASSERTIONS = NO;
				ENABLE_STRICT_OBJC_MSGSEND = YES;
				GCC_C_LANGUAGE_STANDARD = gnu99;
				GCC_NO_COMMON_BLOCKS = YES;
				GCC_WARN_64_TO_32_BIT_CONVERSION = YES;
				GCC_WARN_ABOUT_RETURN_TYPE = YES_ERROR;
				GCC_WARN_UNDECLARED_SELECTOR = YES;
				GCC_WARN_UNINITIALIZED_AUTOS = YES_AGGRESSIVE;
				GCC_WARN_UNUSED_FUNCTION = YES;
				GCC_WARN_UNUSED_VARIABLE = YES;
				IPHONEOS_DEPLOYMENT_TARGET = 9.0;
				MTL_ENABLE_DEBUG_INFO = NO;
				SDKROOT = iphoneos;
				VALIDATE_PRODUCT = YES;
			};
			name = Release;
		};
		0EB50EBC1BCFAA7A00616DFD /* Debug */ = {
			isa = XCBuildConfiguration;
			baseConfigurationReference = 5CB68C3B7BFAFED00387185B /* Pods-Movies.debug.xcconfig */;
			buildSettings = {
				ASSETCATALOG_COMPILER_APPICON_NAME = AppIcon;
				CODE_SIGN_IDENTITY = "iPhone Developer";
				FRAMEWORK_SEARCH_PATHS = (
					"$(inherited)",
					"$(PROJECT_DIR)/build/Debug-iphoneos",
					"$(PROJECT_DIR)/FacebookSDKs-iOS-20151111",
				);
				INFOPLIST_FILE = Movies/Info.plist;
				IPHONEOS_DEPLOYMENT_TARGET = 8.0;
				LD_RUNPATH_SEARCH_PATHS = "$(inherited) @executable_path/Frameworks";
				PRODUCT_BUNDLE_IDENTIFIER = de.tum.in.www1.ios15.Movies;
				PRODUCT_NAME = "$(TARGET_NAME)";
				SWIFT_OBJC_BRIDGING_HEADER = "Movies/Movies-Bridging-Header.h";
			};
			name = Debug;
		};
		0EB50EBD1BCFAA7A00616DFD /* Release */ = {
			isa = XCBuildConfiguration;
			baseConfigurationReference = 89AE4153DFF1DBA2C3B6D2AD /* Pods-Movies.release.xcconfig */;
			buildSettings = {
				ASSETCATALOG_COMPILER_APPICON_NAME = AppIcon;
				CODE_SIGN_IDENTITY = "iPhone Developer";
				FRAMEWORK_SEARCH_PATHS = (
					"$(inherited)",
					"$(PROJECT_DIR)/build/Debug-iphoneos",
					"$(PROJECT_DIR)/FacebookSDKs-iOS-20151111",
				);
				INFOPLIST_FILE = Movies/Info.plist;
				IPHONEOS_DEPLOYMENT_TARGET = 8.0;
				LD_RUNPATH_SEARCH_PATHS = "$(inherited) @executable_path/Frameworks";
				PRODUCT_BUNDLE_IDENTIFIER = de.tum.in.www1.ios15.Movies;
				PRODUCT_NAME = "$(TARGET_NAME)";
				SWIFT_OBJC_BRIDGING_HEADER = "Movies/Movies-Bridging-Header.h";
			};
			name = Release;
		};
		0EB50EBF1BCFAA7A00616DFD /* Debug */ = {
			isa = XCBuildConfiguration;
			baseConfigurationReference = 5CB68C3B7BFAFED00387185B /* Pods-Movies.debug.xcconfig */;
			buildSettings = {
				INFOPLIST_FILE = MoviesUITests/Info.plist;
				LD_RUNPATH_SEARCH_PATHS = "$(inherited) @executable_path/Frameworks @loader_path/Frameworks";
				PRODUCT_BUNDLE_IDENTIFIER = de.tum.in.www1.ios15.MoviesUITests;
				PRODUCT_NAME = "$(TARGET_NAME)";
				TEST_TARGET_NAME = Movies;
				USES_XCTRUNNER = YES;
			};
			name = Debug;
		};
		0EB50EC01BCFAA7A00616DFD /* Release */ = {
			isa = XCBuildConfiguration;
			baseConfigurationReference = 89AE4153DFF1DBA2C3B6D2AD /* Pods-Movies.release.xcconfig */;
			buildSettings = {
				INFOPLIST_FILE = MoviesUITests/Info.plist;
				LD_RUNPATH_SEARCH_PATHS = "$(inherited) @executable_path/Frameworks @loader_path/Frameworks";
				PRODUCT_BUNDLE_IDENTIFIER = de.tum.in.www1.ios15.MoviesUITests;
				PRODUCT_NAME = "$(TARGET_NAME)";
				TEST_TARGET_NAME = Movies;
				USES_XCTRUNNER = YES;
			};
			name = Release;
		};
		0EECBFC51BFA365200B7CA9A /* Debug */ = {
			isa = XCBuildConfiguration;
			buildSettings = {
				ASSETCATALOG_COMPILER_APPICON_NAME = AppIcon;
				CODE_SIGN_IDENTITY = "iPhone Developer";
				EMBEDDED_CONTENT_CONTAINS_SWIFT = YES;
				IBSC_MODULE = Watch_Extension;
				INFOPLIST_FILE = Watch/Info.plist;
				PRODUCT_BUNDLE_IDENTIFIER = de.tum.in.www1.ios15.Movies.watchkitapp;
				PRODUCT_NAME = "$(TARGET_NAME)";
				SDKROOT = watchos;
				SKIP_INSTALL = YES;
				TARGETED_DEVICE_FAMILY = 4;
				WATCHOS_DEPLOYMENT_TARGET = 2.0;
			};
			name = Debug;
		};
		0EECBFC61BFA365200B7CA9A /* Release */ = {
			isa = XCBuildConfiguration;
			buildSettings = {
				ASSETCATALOG_COMPILER_APPICON_NAME = AppIcon;
				CODE_SIGN_IDENTITY = "iPhone Developer";
				EMBEDDED_CONTENT_CONTAINS_SWIFT = YES;
				IBSC_MODULE = Watch_Extension;
				INFOPLIST_FILE = Watch/Info.plist;
				PRODUCT_BUNDLE_IDENTIFIER = de.tum.in.www1.ios15.Movies.watchkitapp;
				PRODUCT_NAME = "$(TARGET_NAME)";
				SDKROOT = watchos;
				SKIP_INSTALL = YES;
				TARGETED_DEVICE_FAMILY = 4;
				WATCHOS_DEPLOYMENT_TARGET = 2.0;
			};
			name = Release;
		};
		0EECBFC71BFA365200B7CA9A /* Debug */ = {
			isa = XCBuildConfiguration;
			baseConfigurationReference = DEE00C04EFDB06C0430B6E7C /* Pods-Watch Extension.debug.xcconfig */;
			buildSettings = {
				FRAMEWORK_SEARCH_PATHS = (
					"$(inherited)",
					"$(PROJECT_DIR)/build/Debug-iphoneos",
				);
				INFOPLIST_FILE = "Watch Extension/Info.plist";
				LD_RUNPATH_SEARCH_PATHS = "$(inherited) @executable_path/Frameworks @executable_path/../../Frameworks";
				PRODUCT_BUNDLE_IDENTIFIER = de.tum.in.www1.ios15.Movies.watchkitapp.watchkitextension;
				PRODUCT_NAME = "${TARGET_NAME}";
				SDKROOT = watchos;
				SKIP_INSTALL = YES;
				TARGETED_DEVICE_FAMILY = 4;
				WATCHOS_DEPLOYMENT_TARGET = 2.0;
			};
			name = Debug;
		};
		0EECBFC81BFA365200B7CA9A /* Release */ = {
			isa = XCBuildConfiguration;
			baseConfigurationReference = 4938DDAEA4E9F0ECB745AB26 /* Pods-Watch Extension.release.xcconfig */;
			buildSettings = {
				FRAMEWORK_SEARCH_PATHS = (
					"$(inherited)",
					"$(PROJECT_DIR)/build/Debug-iphoneos",
				);
				INFOPLIST_FILE = "Watch Extension/Info.plist";
				LD_RUNPATH_SEARCH_PATHS = "$(inherited) @executable_path/Frameworks @executable_path/../../Frameworks";
				PRODUCT_BUNDLE_IDENTIFIER = de.tum.in.www1.ios15.Movies.watchkitapp.watchkitextension;
				PRODUCT_NAME = "${TARGET_NAME}";
				SDKROOT = watchos;
				SKIP_INSTALL = YES;
				TARGETED_DEVICE_FAMILY = 4;
				WATCHOS_DEPLOYMENT_TARGET = 2.0;
			};
			name = Release;
		};
/* End XCBuildConfiguration section */

/* Begin XCConfigurationList section */
		0EB50E991BCFAA7A00616DFD /* Build configuration list for PBXProject "Movies" */ = {
			isa = XCConfigurationList;
			buildConfigurations = (
				0EB50EB91BCFAA7A00616DFD /* Debug */,
				0EB50EBA1BCFAA7A00616DFD /* Release */,
			);
			defaultConfigurationIsVisible = 0;
			defaultConfigurationName = Release;
		};
		0EB50EBB1BCFAA7A00616DFD /* Build configuration list for PBXNativeTarget "Movies" */ = {
			isa = XCConfigurationList;
			buildConfigurations = (
				0EB50EBC1BCFAA7A00616DFD /* Debug */,
				0EB50EBD1BCFAA7A00616DFD /* Release */,
			);
			defaultConfigurationIsVisible = 0;
			defaultConfigurationName = Release;
		};
		0EB50EBE1BCFAA7A00616DFD /* Build configuration list for PBXNativeTarget "MoviesUITests" */ = {
			isa = XCConfigurationList;
			buildConfigurations = (
				0EB50EBF1BCFAA7A00616DFD /* Debug */,
				0EB50EC01BCFAA7A00616DFD /* Release */,
			);
			defaultConfigurationIsVisible = 0;
			defaultConfigurationName = Release;
		};
		0EECBFC91BFA365200B7CA9A /* Build configuration list for PBXNativeTarget "Watch Extension" */ = {
			isa = XCConfigurationList;
			buildConfigurations = (
				0EECBFC71BFA365200B7CA9A /* Debug */,
				0EECBFC81BFA365200B7CA9A /* Release */,
			);
			defaultConfigurationIsVisible = 0;
			defaultConfigurationName = Release;
		};
		0EECBFCB1BFA365200B7CA9A /* Build configuration list for PBXNativeTarget "Watch" */ = {
			isa = XCConfigurationList;
			buildConfigurations = (
				0EECBFC51BFA365200B7CA9A /* Debug */,
				0EECBFC61BFA365200B7CA9A /* Release */,
			);
			defaultConfigurationIsVisible = 0;
			defaultConfigurationName = Release;
		};
/* End XCConfigurationList section */
	};
	rootObject = 0EB50E961BCFAA7A00616DFD /* Project object */;
}
